
Microsoft Visual Studio Solution File, Format Version 12.00
# Visual Studio Version 17
VisualStudioVersion = 17.9.34714.143
MinimumVisualStudioVersion = 10.0.40219.1
Project("{FAE04EC0-301F-11D3-BF4B-00C04F79EFBC}") = "atividade 10", "atividade 10\atividade 10.csproj", "{F4103D18-31B8-43E0-8B91-96B1569838BF}"
EndProject
Global
	GlobalSection(SolutionConfigurationPlatforms) = preSolution
		Debug|Any CPU = Debug|Any CPU
		Release|Any CPU = Release|Any CPU
	EndGlobalSection
	GlobalSection(ProjectConfigurationPlatforms) = postSolution
		{F4103D18-31B8-43E0-8B91-96B1569838BF}.Debug|Any CPU.ActiveCfg = Debug|Any CPU
		{F4103D18-31B8-43E0-8B91-96B1569838BF}.Debug|Any CPU.Build.0 = Debug|Any CPU
		{F4103D18-31B8-43E0-8B91-96B1569838BF}.Release|Any CPU.ActiveCfg = Release|Any CPU
		{F4103D18-31B8-43E0-8B91-96B1569838BF}.Release|Any CPU.Build.0 = Release|Any CPU
	EndGlobalSection
	GlobalSection(SolutionProperties) = preSolution
		HideSolutionNode = FALSE
	EndGlobalSection
	GlobalSection(ExtensibilityGlobals) = postSolution
		SolutionGuid = {1EFE0487-A74D-4E0F-82ED-4F71E24FD05A}
	EndGlobalSection
EndGlobal
