
Microsoft Visual Studio Solution File, Format Version 12.00
# Visual Studio Version 17
VisualStudioVersion = 17.9.34714.143
MinimumVisualStudioVersion = 10.0.40219.1
Project("{FAE04EC0-301F-11D3-BF4B-00C04F79EFBC}") = "atividade 1", "atividade 1\atividade 1.csproj", "{2F8BE984-50D1-4D79-86CC-6DFB472E0A6C}"
EndProject
Global
	GlobalSection(SolutionConfigurationPlatforms) = preSolution
		Debug|Any CPU = Debug|Any CPU
		Release|Any CPU = Release|Any CPU
	EndGlobalSection
	GlobalSection(ProjectConfigurationPlatforms) = postSolution
		{2F8BE984-50D1-4D79-86CC-6DFB472E0A6C}.Debug|Any CPU.ActiveCfg = Debug|Any CPU
		{2F8BE984-50D1-4D79-86CC-6DFB472E0A6C}.Debug|Any CPU.Build.0 = Debug|Any CPU
		{2F8BE984-50D1-4D79-86CC-6DFB472E0A6C}.Release|Any CPU.ActiveCfg = Release|Any CPU
		{2F8BE984-50D1-4D79-86CC-6DFB472E0A6C}.Release|Any CPU.Build.0 = Release|Any CPU
	EndGlobalSection
	GlobalSection(SolutionProperties) = preSolution
		HideSolutionNode = FALSE
	EndGlobalSection
	GlobalSection(ExtensibilityGlobals) = postSolution
		SolutionGuid = {14D5038C-85AA-4B02-9E58-A64F8E6E4439}
	EndGlobalSection
EndGlobal
